
Microsoft Visual Studio Solution File, Format Version 12.00
# Visual Studio Version 17
VisualStudioVersion = 17.13.35806.99 d17.13
MinimumVisualStudioVersion = 10.0.40219.1
Project("{FAE04EC0-301F-11D3-BF4B-00C04F79EFBC}") = "Kpl_tubes", "Kpl_tubes\Kpl_tubes.csproj", "{57EF9702-3BFB-48FD-88B9-0606031905F0}"
EndProject
Global
	GlobalSection(SolutionConfigurationPlatforms) = preSolution
		Debug|Any CPU = Debug|Any CPU
		Release|Any CPU = Release|Any CPU
	EndGlobalSection
	GlobalSection(ProjectConfigurationPlatforms) = postSolution
		{57EF9702-3BFB-48FD-88B9-0606031905F0}.Debug|Any CPU.ActiveCfg = Debug|Any CPU
		{57EF9702-3BFB-48FD-88B9-0606031905F0}.Debug|Any CPU.Build.0 = Debug|Any CPU
		{57EF9702-3BFB-48FD-88B9-0606031905F0}.Release|Any CPU.ActiveCfg = Release|Any CPU
		{57EF9702-3BFB-48FD-88B9-0606031905F0}.Release|Any CPU.Build.0 = Release|Any CPU
	EndGlobalSection
	GlobalSection(SolutionProperties) = preSolution
		HideSolutionNode = FALSE
	EndGlobalSection
	GlobalSection(ExtensibilityGlobals) = postSolution
		SolutionGuid = {7C3D8869-C49B-4433-BEA6-FAC133BF8BE9}
	EndGlobalSection
EndGlobal
